
Microsoft Visual Studio Solution File, Format Version 12.00
# Visual Studio 14
VisualStudioVersion = 14.0.23107.0
MinimumVisualStudioVersion = 10.0.40219.1
Project("{2150E333-8FDC-42A3-9474-1A3956D46DE8}") = "src", "src", "{0DB0FB4F-611E-4D7F-9645-788E8A736468}"
EndProject
Project("{2150E333-8FDC-42A3-9474-1A3956D46DE8}") = "Solution Items", "Solution Items", "{9EEACAAC-5585-4C08-9D3C-205380F4F3CA}"
	ProjectSection(SolutionItems) = preProject
		global.json = global.json
	EndProjectSection
EndProject
Project("{8BB2217D-0F2D-49D1-97BC-3654ED321F3B}") = "AureliaTest", "src\AureliaTest\AureliaTest.xproj", "{1D04A6A1-DBFC-4644-8D12-C130AC03BF74}"
EndProject
Global
	GlobalSection(SolutionConfigurationPlatforms) = preSolution
		Debug|Any CPU = Debug|Any CPU
		Release|Any CPU = Release|Any CPU
	EndGlobalSection
	GlobalSection(ProjectConfigurationPlatforms) = postSolution
		{1D04A6A1-DBFC-4644-8D12-C130AC03BF74}.Debug|Any CPU.ActiveCfg = Debug|Any CPU
		{1D04A6A1-DBFC-4644-8D12-C130AC03BF74}.Debug|Any CPU.Build.0 = Debug|Any CPU
		{1D04A6A1-DBFC-4644-8D12-C130AC03BF74}.Release|Any CPU.ActiveCfg = Release|Any CPU
		{1D04A6A1-DBFC-4644-8D12-C130AC03BF74}.Release|Any CPU.Build.0 = Release|Any CPU
	EndGlobalSection
	GlobalSection(SolutionProperties) = preSolution
		HideSolutionNode = FALSE
	EndGlobalSection
	GlobalSection(NestedProjects) = preSolution
		{1D04A6A1-DBFC-4644-8D12-C130AC03BF74} = {0DB0FB4F-611E-4D7F-9645-788E8A736468}
	EndGlobalSection
EndGlobal
